
Microsoft Visual Studio Solution File, Format Version 12.00
# Visual Studio Version 17
VisualStudioVersion = 17.0.31903.59
MinimumVisualStudioVersion = 10.0.40219.1
Project("{FAE04EC0-301F-11D3-BF4B-00C04F79EFBC}") = "API", "API\API.csproj", "{1A8F9E48-E7FE-4AFA-A73F-6734CC3DBD57}"
EndProject
Project("{FAE04EC0-301F-11D3-BF4B-00C04F79EFBC}") = "Application", "Application\Application.csproj", "{393D9A8F-7489-4AAC-99B3-7BBA6685C865}"
EndProject
Project("{FAE04EC0-301F-11D3-BF4B-00C04F79EFBC}") = "Domain", "Domain\Domain.csproj", "{C4B48954-3C58-427E-9EDA-67B5655F162C}"
EndProject
Project("{FAE04EC0-301F-11D3-BF4B-00C04F79EFBC}") = "Persistence", "Persistence\Persistence.csproj", "{51847292-6A8E-4446-BFE5-9C1FE8CF397A}"
EndProject
Global
	GlobalSection(SolutionConfigurationPlatforms) = preSolution
		Debug|Any CPU = Debug|Any CPU
		Release|Any CPU = Release|Any CPU
	EndGlobalSection
	GlobalSection(SolutionProperties) = preSolution
		HideSolutionNode = FALSE
	EndGlobalSection
	GlobalSection(ProjectConfigurationPlatforms) = postSolution
		{1A8F9E48-E7FE-4AFA-A73F-6734CC3DBD57}.Debug|Any CPU.ActiveCfg = Debug|Any CPU
		{1A8F9E48-E7FE-4AFA-A73F-6734CC3DBD57}.Debug|Any CPU.Build.0 = Debug|Any CPU
		{1A8F9E48-E7FE-4AFA-A73F-6734CC3DBD57}.Release|Any CPU.ActiveCfg = Release|Any CPU
		{1A8F9E48-E7FE-4AFA-A73F-6734CC3DBD57}.Release|Any CPU.Build.0 = Release|Any CPU
		{393D9A8F-7489-4AAC-99B3-7BBA6685C865}.Debug|Any CPU.ActiveCfg = Debug|Any CPU
		{393D9A8F-7489-4AAC-99B3-7BBA6685C865}.Debug|Any CPU.Build.0 = Debug|Any CPU
		{393D9A8F-7489-4AAC-99B3-7BBA6685C865}.Release|Any CPU.ActiveCfg = Release|Any CPU
		{393D9A8F-7489-4AAC-99B3-7BBA6685C865}.Release|Any CPU.Build.0 = Release|Any CPU
		{C4B48954-3C58-427E-9EDA-67B5655F162C}.Debug|Any CPU.ActiveCfg = Debug|Any CPU
		{C4B48954-3C58-427E-9EDA-67B5655F162C}.Debug|Any CPU.Build.0 = Debug|Any CPU
		{C4B48954-3C58-427E-9EDA-67B5655F162C}.Release|Any CPU.ActiveCfg = Release|Any CPU
		{C4B48954-3C58-427E-9EDA-67B5655F162C}.Release|Any CPU.Build.0 = Release|Any CPU
		{51847292-6A8E-4446-BFE5-9C1FE8CF397A}.Debug|Any CPU.ActiveCfg = Debug|Any CPU
		{51847292-6A8E-4446-BFE5-9C1FE8CF397A}.Debug|Any CPU.Build.0 = Debug|Any CPU
		{51847292-6A8E-4446-BFE5-9C1FE8CF397A}.Release|Any CPU.ActiveCfg = Release|Any CPU
		{51847292-6A8E-4446-BFE5-9C1FE8CF397A}.Release|Any CPU.Build.0 = Release|Any CPU
	EndGlobalSection
EndGlobal
